// !$*UTF8*$!
{
	archiveVersion = 1;
	classes = {
	};
	objectVersion = 52;
	objects = {

/* Begin PBXBuildFile section */
		1869B79124DC4DA600D302BC /* AppDelegate.swift in Sources */ = {isa = PBXBuildFile; fileRef = 1869B79024DC4DA600D302BC /* AppDelegate.swift */; };
		1869B79324DC4DA600D302BC /* SceneDelegate.swift in Sources */ = {isa = PBXBuildFile; fileRef = 1869B79224DC4DA600D302BC /* SceneDelegate.swift */; };
		1869B79524DC4DA600D302BC /* ViewController.swift in Sources */ = {isa = PBXBuildFile; fileRef = 1869B79424DC4DA600D302BC /* ViewController.swift */; };
		1869B79824DC4DA600D302BC /* Main.storyboard in Resources */ = {isa = PBXBuildFile; fileRef = 1869B79624DC4DA600D302BC /* Main.storyboard */; };
		1869B79A24DC4DAD00D302BC /* Assets.xcassets in Resources */ = {isa = PBXBuildFile; fileRef = 1869B79924DC4DAD00D302BC /* Assets.xcassets */; };
		1869B79D24DC4DAD00D302BC /* LaunchScreen.storyboard in Resources */ = {isa = PBXBuildFile; fileRef = 1869B79B24DC4DAD00D302BC /* LaunchScreen.storyboard */; };
		1869B7A624DC4E2C00D302BC /* Differentiator in Frameworks */ = {isa = PBXBuildFile; productRef = 1869B7A524DC4E2C00D302BC /* Differentiator */; };
		1869B7A824DC4E2C00D302BC /* RxDataSources in Frameworks */ = {isa = PBXBuildFile; productRef = 1869B7A724DC4E2C00D302BC /* RxDataSources */; };
		1869B7AB24DC81D200D302BC /* LoginViewModel.swift in Sources */ = {isa = PBXBuildFile; fileRef = 1869B7AA24DC81D200D302BC /* LoginViewModel.swift */; };
/* End PBXBuildFile section */

/* Begin PBXFileReference section */
		1869B78D24DC4DA600D302BC /* RxSwfitLogin.app */ = {isa = PBXFileReference; explicitFileType = wrapper.application; includeInIndex = 0; path = RxSwfitLogin.app; sourceTree = BUILT_PRODUCTS_DIR; };
		1869B79024DC4DA600D302BC /* AppDelegate.swift */ = {isa = PBXFileReference; lastKnownFileType = sourcecode.swift; path = AppDelegate.swift; sourceTree = "<group>"; };
		1869B79224DC4DA600D302BC /* SceneDelegate.swift */ = {isa = PBXFileReference; lastKnownFileType = sourcecode.swift; path = SceneDelegate.swift; sourceTree = "<group>"; };
		1869B79424DC4DA600D302BC /* ViewController.swift */ = {isa = PBXFileReference; lastKnownFileType = sourcecode.swift; path = ViewController.swift; sourceTree = "<group>"; };
		1869B79724DC4DA600D302BC /* Base */ = {isa = PBXFileReference; lastKnownFileType = file.storyboard; name = Base; path = Base.lproj/Main.storyboard; sourceTree = "<group>"; };
		1869B79924DC4DAD00D302BC /* Assets.xcassets */ = {isa = PBXFileReference; lastKnownFileType = folder.assetcatalog; path = Assets.xcassets; sourceTree = "<group>"; };
		1869B79C24DC4DAD00D302BC /* Base */ = {isa = PBXFileReference; lastKnownFileType = file.storyboard; name = Base; path = Base.lproj/LaunchScreen.storyboard; sourceTree = "<group>"; };
		1869B79E24DC4DAD00D302BC /* Info.plist */ = {isa = PBXFileReference; lastKnownFileType = text.plist.xml; path = Info.plist; sourceTree = "<group>"; };
		1869B7AA24DC81D200D302BC /* LoginViewModel.swift */ = {isa = PBXFileReference; lastKnownFileType = sourcecode.swift; path = LoginViewModel.swift; sourceTree = "<group>"; };
/* End PBXFileReference section */

/* Begin PBXFrameworksBuildPhase section */
		1869B78A24DC4DA600D302BC /* Frameworks */ = {
			isa = PBXFrameworksBuildPhase;
			buildActionMask = 2147483647;
			files = (
				1869B7A624DC4E2C00D302BC /* Differentiator in Frameworks */,
				1869B7A824DC4E2C00D302BC /* RxDataSources in Frameworks */,
			);
			runOnlyForDeploymentPostprocessing = 0;
		};
/* End PBXFrameworksBuildPhase section */

/* Begin PBXGroup section */
		1869B78424DC4DA600D302BC = {
			isa = PBXGroup;
			children = (
				1869B78F24DC4DA600D302BC /* RxSwfitLogin */,
				1869B78E24DC4DA600D302BC /* Products */,
			);
			sourceTree = "<group>";
		};
		1869B78E24DC4DA600D302BC /* Products */ = {
			isa = PBXGroup;
			children = (
				1869B78D24DC4DA600D302BC /* RxSwfitLogin.app */,
			);
			name = Products;
			sourceTree = "<group>";
		};
		1869B78F24DC4DA600D302BC /* RxSwfitLogin */ = {
			isa = PBXGroup;
			children = (
				1869B79024DC4DA600D302BC /* AppDelegate.swift */,
				1869B79224DC4DA600D302BC /* SceneDelegate.swift */,
				1869B79424DC4DA600D302BC /* ViewController.swift */,
				1869B7A924DC812600D302BC /* ViewModel */,
				1869B79624DC4DA600D302BC /* Main.storyboard */,
				1869B79924DC4DAD00D302BC /* Assets.xcassets */,
				1869B79B24DC4DAD00D302BC /* LaunchScreen.storyboard */,
				1869B79E24DC4DAD00D302BC /* Info.plist */,
			);
			path = RxSwfitLogin;
			sourceTree = "<group>";
		};
		1869B7A924DC812600D302BC /* ViewModel */ = {
			isa = PBXGroup;
			children = (
				1869B7AA24DC81D200D302BC /* LoginViewModel.swift */,
			);
			path = ViewModel;
			sourceTree = "<group>";
		};
/* End PBXGroup section */

/* Begin PBXNativeTarget section */
		1869B78C24DC4DA600D302BC /* RxSwfitLogin */ = {
			isa = PBXNativeTarget;
			buildConfigurationList = 1869B7A124DC4DAD00D302BC /* Build configuration list for PBXNativeTarget "RxSwfitLogin" */;
			buildPhases = (
				1869B78924DC4DA600D302BC /* Sources */,
				1869B78A24DC4DA600D302BC /* Frameworks */,
				1869B78B24DC4DA600D302BC /* Resources */,
			);
			buildRules = (
			);
			dependencies = (
			);
			name = RxSwfitLogin;
			packageProductDependencies = (
				1869B7A524DC4E2C00D302BC /* Differentiator */,
				1869B7A724DC4E2C00D302BC /* RxDataSources */,
			);
			productName = RxSwfitLogin;
			productReference = 1869B78D24DC4DA600D302BC /* RxSwfitLogin.app */;
			productType = "com.apple.product-type.application";
		};
/* End PBXNativeTarget section */

/* Begin PBXProject section */
		1869B78524DC4DA600D302BC /* Project object */ = {
			isa = PBXProject;
			attributes = {
				LastSwiftUpdateCheck = 1150;
				LastUpgradeCheck = 1150;
				ORGANIZATIONNAME = "Swapanjeet Singh";
				TargetAttributes = {
					1869B78C24DC4DA600D302BC = {
						CreatedOnToolsVersion = 11.5;
					};
				};
			};
			buildConfigurationList = 1869B78824DC4DA600D302BC /* Build configuration list for PBXProject "RxSwfitLogin" */;
			compatibilityVersion = "Xcode 9.3";
			developmentRegion = en;
			hasScannedForEncodings = 0;
			knownRegions = (
				en,
				Base,
			);
			mainGroup = 1869B78424DC4DA600D302BC;
			packageReferences = (
				1869B7A424DC4E2C00D302BC /* XCRemoteSwiftPackageReference "RxDataSources" */,
			);
			productRefGroup = 1869B78E24DC4DA600D302BC /* Products */;
			projectDirPath = "";
			projectRoot = "";
			targets = (
				1869B78C24DC4DA600D302BC /* RxSwfitLogin */,
			);
		};
/* End PBXProject section */

/* Begin PBXResourcesBuildPhase section */
		1869B78B24DC4DA600D302BC /* Resources */ = {
			isa = PBXResourcesBuildPhase;
			buildActionMask = 2147483647;
			files = (
				1869B79D24DC4DAD00D302BC /* LaunchScreen.storyboard in Resources */,
				1869B79A24DC4DAD00D302BC /* Assets.xcassets in Resources */,
				1869B79824DC4DA600D302BC /* Main.storyboard in Resources */,
			);
			runOnlyForDeploymentPostprocessing = 0;
		};
/* End PBXResourcesBuildPhase section */

/* Begin PBXSourcesBuildPhase section */
		1869B78924DC4DA600D302BC /* Sources */ = {
			isa = PBXSourcesBuildPhase;
			buildActionMask = 2147483647;
			files = (
				1869B7AB24DC81D200D302BC /* LoginViewModel.swift in Sources */,
				1869B79524DC4DA600D302BC /* ViewController.swift in Sources */,
				1869B79124DC4DA600D302BC /* AppDelegate.swift in Sources */,
				1869B79324DC4DA600D302BC /* SceneDelegate.swift in Sources */,
			);
			runOnlyForDeploymentPostprocessing = 0;
		};
/* End PBXSourcesBuildPhase section */

/* Begin PBXVariantGroup section */
		1869B79624DC4DA600D302BC /* Main.storyboard */ = {
			isa = PBXVariantGroup;
			children = (
				1869B79724DC4DA600D302BC /* Base */,
			);
			name = Main.storyboard;
			sourceTree = "<group>";
		};
		1869B79B24DC4DAD00D302BC /* LaunchScreen.storyboard */ = {
			isa = PBXVariantGroup;
			children = (
				1869B79C24DC4DAD00D302BC /* Base */,
			);
			name = LaunchScreen.storyboard;
			sourceTree = "<group>";
		};
/* End PBXVariantGroup section */

/* Begin XCBuildConfiguration section */
		1869B79F24DC4DAD00D302BC /* Debug */ = {
			isa = XCBuildConfiguration;
			buildSettings = {
				ALWAYS_SEARCH_USER_PATHS = NO;
				CLANG_ANALYZER_NONNULL = YES;
				CLANG_ANALYZER_NUMBER_OBJECT_CONVERSION = YES_AGGRESSIVE;
				CLANG_CXX_LANGUAGE_STANDARD = "gnu++14";
				CLANG_CXX_LIBRARY = "libc++";
				CLANG_ENABLE_MODULES = YES;
				CLANG_ENABLE_OBJC_ARC = YES;
				CLANG_ENABLE_OBJC_WEAK = YES;
				CLANG_WARN_BLOCK_CAPTURE_AUTORELEASING = YES;
				CLANG_WARN_BOOL_CONVERSION = YES;
				CLANG_WARN_COMMA = YES;
				CLANG_WARN_CONSTANT_CONVERSION = YES;
				CLANG_WARN_DEPRECATED_OBJC_IMPLEMENTATIONS = YES;
				CLANG_WARN_DIRECT_OBJC_ISA_USAGE = YES_ERROR;
				CLANG_WARN_DOCUMENTATION_COMMENTS = YES;
				CLANG_WARN_EMPTY_BODY = YES;
				CLANG_WARN_ENUM_CONVERSION = YES;
				CLANG_WARN_INFINITE_RECURSION = YES;
				CLANG_WARN_INT_CONVERSION = YES;
				CLANG_WARN_NON_LITERAL_NULL_CONVERSION = YES;
				CLANG_WARN_OBJC_IMPLICIT_RETAIN_SELF = YES;
				CLANG_WARN_OBJC_LITERAL_CONVERSION = YES;
				CLANG_WARN_OBJC_ROOT_CLASS = YES_ERROR;
				CLANG_WARN_RANGE_LOOP_ANALYSIS = YES;
				CLANG_WARN_STRICT_PROTOTYPES = YES;
				CLANG_WARN_SUSPICIOUS_MOVE = YES;
				CLANG_WARN_UNGUARDED_AVAILABILITY = YES_AGGRESSIVE;
				CLANG_WARN_UNREACHABLE_CODE = YES;
				CLANG_WARN__DUPLICATE_METHOD_MATCH = YES;
				COPY_PHASE_STRIP = NO;
				DEBUG_INFORMATION_FORMAT = dwarf;
				ENABLE_STRICT_OBJC_MSGSEND = YES;
				ENABLE_TESTABILITY = YES;
				GCC_C_LANGUAGE_STANDARD = gnu11;
				GCC_DYNAMIC_NO_PIC = NO;
				GCC_NO_COMMON_BLOCKS = YES;
				GCC_OPTIMIZATION_LEVEL = 0;
				GCC_PREPROCESSOR_DEFINITIONS = (
					"DEBUG=1",
					"$(inherited)",
				);
				GCC_WARN_64_TO_32_BIT_CONVERSION = YES;
				GCC_WARN_ABOUT_RETURN_TYPE = YES_ERROR;
				GCC_WARN_UNDECLARED_SELECTOR = YES;
				GCC_WARN_UNINITIALIZED_AUTOS = YES_AGGRESSIVE;
				GCC_WARN_UNUSED_FUNCTION = YES;
				GCC_WARN_UNUSED_VARIABLE = YES;
				IPHONEOS_DEPLOYMENT_TARGET = 13.5;
				MTL_ENABLE_DEBUG_INFO = INCLUDE_SOURCE;
				MTL_FAST_MATH = YES;
				ONLY_ACTIVE_ARCH = YES;
				SDKROOT = iphoneos;
				SWIFT_ACTIVE_COMPILATION_CONDITIONS = DEBUG;
				SWIFT_OPTIMIZATION_LEVEL = "-Onone";
			};
			name = Debug;
		};
		1869B7A024DC4DAD00D302BC /* Release */ = {
			isa = XCBuildConfiguration;
			buildSettings = {
				ALWAYS_SEARCH_USER_PATHS = NO;
				CLANG_ANALYZER_NONNULL = YES;
				CLANG_ANALYZER_NUMBER_OBJECT_CONVERSION = YES_AGGRESSIVE;
				CLANG_CXX_LANGUAGE_STANDARD = "gnu++14";
				CLANG_CXX_LIBRARY = "libc++";
				CLANG_ENABLE_MODULES = YES;
				CLANG_ENABLE_OBJC_ARC = YES;
				CLANG_ENABLE_OBJC_WEAK = YES;
				CLANG_WARN_BLOCK_CAPTURE_AUTORELEASING = YES;
				CLANG_WARN_BOOL_CONVERSION = YES;
				CLANG_WARN_COMMA = YES;
				CLANG_WARN_CONSTANT_CONVERSION = YES;
				CLANG_WARN_DEPRECATED_OBJC_IMPLEMENTATIONS = YES;
				CLANG_WARN_DIRECT_OBJC_ISA_USAGE = YES_ERROR;
				CLANG_WARN_DOCUMENTATION_COMMENTS = YES;
				CLANG_WARN_EMPTY_BODY = YES;
				CLANG_WARN_ENUM_CONVERSION = YES;
				CLANG_WARN_INFINITE_RECURSION = YES;
				CLANG_WARN_INT_CONVERSION = YES;
				CLANG_WARN_NON_LITERAL_NULL_CONVERSION = YES;
				CLANG_WARN_OBJC_IMPLICIT_RETAIN_SELF = YES;
				CLANG_WARN_OBJC_LITERAL_CONVERSION = YES;
				CLANG_WARN_OBJC_ROOT_CLASS = YES_ERROR;
				CLANG_WARN_RANGE_LOOP_ANALYSIS = YES;
				CLANG_WARN_STRICT_PROTOTYPES = YES;
				CLANG_WARN_SUSPICIOUS_MOVE = YES;
				CLANG_WARN_UNGUARDED_AVAILABILITY = YES_AGGRESSIVE;
				CLANG_WARN_UNREACHABLE_CODE = YES;
				CLANG_WARN__DUPLICATE_METHOD_MATCH = YES;
				COPY_PHASE_STRIP = NO;
				DEBUG_INFORMATION_FORMAT = "dwarf-with-dsym";
				ENABLE_NS_ASSERTIONS = NO;
				ENABLE_STRICT_OBJC_MSGSEND = YES;
				GCC_C_LANGUAGE_STANDARD = gnu11;
				GCC_NO_COMMON_BLOCKS = YES;
				GCC_WARN_64_TO_32_BIT_CONVERSION = YES;
				GCC_WARN_ABOUT_RETURN_TYPE = YES_ERROR;
				GCC_WARN_UNDECLARED_SELECTOR = YES;
				GCC_WARN_UNINITIALIZED_AUTOS = YES_AGGRESSIVE;
				GCC_WARN_UNUSED_FUNCTION = YES;
				GCC_WARN_UNUSED_VARIABLE = YES;
				IPHONEOS_DEPLOYMENT_TARGET = 13.5;
				MTL_ENABLE_DEBUG_INFO = NO;
				MTL_FAST_MATH = YES;
				SDKROOT = iphoneos;
				SWIFT_COMPILATION_MODE = wholemodule;
				SWIFT_OPTIMIZATION_LEVEL = "-O";
				VALIDATE_PRODUCT = YES;
			};
			name = Release;
		};
		1869B7A224DC4DAD00D302BC /* Debug */ = {
			isa = XCBuildConfiguration;
			buildSettings = {
				ASSETCATALOG_COMPILER_APPICON_NAME = AppIcon;
				CODE_SIGN_STYLE = Automatic;
				DEVELOPMENT_TEAM = TZTNPSUC8X;
				INFOPLIST_FILE = RxSwfitLogin/Info.plist;
				LD_RUNPATH_SEARCH_PATHS = (
					"$(inherited)",
					"@executable_path/Frameworks",
				);
				PRODUCT_BUNDLE_IDENTIFIER = com.swapanjeetsingh.RxSwfitLogin;
				PRODUCT_NAME = "$(TARGET_NAME)";
				SWIFT_VERSION = 5.0;
				TARGETED_DEVICE_FAMILY = "1,2";
			};
			name = Debug;
		};
		1869B7A324DC4DAD00D302BC /* Release */ = {
			isa = XCBuildConfiguration;
			buildSettings = {
				ASSETCATALOG_COMPILER_APPICON_NAME = AppIcon;
				CODE_SIGN_STYLE = Automatic;
				DEVELOPMENT_TEAM = TZTNPSUC8X;
				INFOPLIST_FILE = RxSwfitLogin/Info.plist;
				LD_RUNPATH_SEARCH_PATHS = (
					"$(inherited)",
					"@executable_path/Frameworks",
				);
				PRODUCT_BUNDLE_IDENTIFIER = com.swapanjeetsingh.RxSwfitLogin;
				PRODUCT_NAME = "$(TARGET_NAME)";
				SWIFT_VERSION = 5.0;
				TARGETED_DEVICE_FAMILY = "1,2";
			};
			name = Release;
		};
/* End XCBuildConfiguration section */

/* Begin XCConfigurationList section */
		1869B78824DC4DA600D302BC /* Build configuration list for PBXProject "RxSwfitLogin" */ = {
			isa = XCConfigurationList;
			buildConfigurations = (
				1869B79F24DC4DAD00D302BC /* Debug */,
				1869B7A024DC4DAD00D302BC /* Release */,
			);
			defaultConfigurationIsVisible = 0;
			defaultConfigurationName = Release;
		};
		1869B7A124DC4DAD00D302BC /* Build configuration list for PBXNativeTarget "RxSwfitLogin" */ = {
			isa = XCConfigurationList;
			buildConfigurations = (
				1869B7A224DC4DAD00D302BC /* Debug */,
				1869B7A324DC4DAD00D302BC /* Release */,
			);
			defaultConfigurationIsVisible = 0;
			defaultConfigurationName = Release;
		};
/* End XCConfigurationList section */

/* Begin XCRemoteSwiftPackageReference section */
		1869B7A424DC4E2C00D302BC /* XCRemoteSwiftPackageReference "RxDataSources" */ = {
			isa = XCRemoteSwiftPackageReference;
			repositoryURL = "https://github.com/RxSwiftCommunity/RxDataSources.git";
			requirement = {
				kind = upToNextMajorVersion;
				minimumVersion = 4.0.1;
			};
		};
/* End XCRemoteSwiftPackageReference section */

/* Begin XCSwiftPackageProductDependency section */
		1869B7A524DC4E2C00D302BC /* Differentiator */ = {
			isa = XCSwiftPackageProductDependency;
			package = 1869B7A424DC4E2C00D302BC /* XCRemoteSwiftPackageReference "RxDataSources" */;
			productName = Differentiator;
		};
		1869B7A724DC4E2C00D302BC /* RxDataSources */ = {
			isa = XCSwiftPackageProductDependency;
			package = 1869B7A424DC4E2C00D302BC /* XCRemoteSwiftPackageReference "RxDataSources" */;
			productName = RxDataSources;
		};
/* End XCSwiftPackageProductDependency section */
	};
	rootObject = 1869B78524DC4DA600D302BC /* Project object */;
}
